// !$*UTF8*$!
{
	archiveVersion = 1;
	classes = {
	};
	objectVersion = 46;
	objects = {

/* Begin PBXBuildFile section */
		392F00DC1CA4589700527AF8 /* main.m in Sources */ = {isa = PBXBuildFile; fileRef = 392F00DB1CA4589700527AF8 /* main.m */; };
		392F00DF1CA4589700527AF8 /* AppDelegate.m in Sources */ = {isa = PBXBuildFile; fileRef = 392F00DE1CA4589700527AF8 /* AppDelegate.m */; };
		392F00E51CA4589700527AF8 /* Main.storyboard in Resources */ = {isa = PBXBuildFile; fileRef = 392F00E31CA4589700527AF8 /* Main.storyboard */; };
		392F00E71CA4589700527AF8 /* Assets.xcassets in Resources */ = {isa = PBXBuildFile; fileRef = 392F00E61CA4589700527AF8 /* Assets.xcassets */; };
		392F00EA1CA4589700527AF8 /* LaunchScreen.storyboard in Resources */ = {isa = PBXBuildFile; fileRef = 392F00E81CA4589700527AF8 /* LaunchScreen.storyboard */; };
		392F00F31CA45C4800527AF8 /* SelfieStickerViewController.m in Sources */ = {isa = PBXBuildFile; fileRef = 392F00F21CA45C4800527AF8 /* SelfieStickerViewController.m */; };
		392F00F61CA45C9800527AF8 /* Sticker.m in Sources */ = {isa = PBXBuildFile; fileRef = 392F00F51CA45C9800527AF8 /* Sticker.m */; };
/* End PBXBuildFile section */

/* Begin PBXFileReference section */
		392F00D71CA4589700527AF8 /* mm-selfiestickers.app */ = {isa = PBXFileReference; explicitFileType = wrapper.application; includeInIndex = 0; path = "mm-selfiestickers.app"; sourceTree = BUILT_PRODUCTS_DIR; };
		392F00DB1CA4589700527AF8 /* main.m */ = {isa = PBXFileReference; lastKnownFileType = sourcecode.c.objc; path = main.m; sourceTree = "<group>"; };
		392F00DD1CA4589700527AF8 /* AppDelegate.h */ = {isa = PBXFileReference; lastKnownFileType = sourcecode.c.h; path = AppDelegate.h; sourceTree = "<group>"; };
		392F00DE1CA4589700527AF8 /* AppDelegate.m */ = {isa = PBXFileReference; lastKnownFileType = sourcecode.c.objc; path = AppDelegate.m; sourceTree = "<group>"; };
		392F00E41CA4589700527AF8 /* Base */ = {isa = PBXFileReference; lastKnownFileType = file.storyboard; name = Base; path = Base.lproj/Main.storyboard; sourceTree = "<group>"; };
		392F00E61CA4589700527AF8 /* Assets.xcassets */ = {isa = PBXFileReference; lastKnownFileType = folder.assetcatalog; path = Assets.xcassets; sourceTree = "<group>"; };
		392F00E91CA4589700527AF8 /* Base */ = {isa = PBXFileReference; lastKnownFileType = file.storyboard; name = Base; path = Base.lproj/LaunchScreen.storyboard; sourceTree = "<group>"; };
		392F00EB1CA4589700527AF8 /* Info.plist */ = {isa = PBXFileReference; lastKnownFileType = text.plist.xml; path = Info.plist; sourceTree = "<group>"; };
		392F00F11CA45C4800527AF8 /* SelfieStickerViewController.h */ = {isa = PBXFileReference; fileEncoding = 4; lastKnownFileType = sourcecode.c.h; path = SelfieStickerViewController.h; sourceTree = "<group>"; };
		392F00F21CA45C4800527AF8 /* SelfieStickerViewController.m */ = {isa = PBXFileReference; fileEncoding = 4; lastKnownFileType = sourcecode.c.objc; path = SelfieStickerViewController.m; sourceTree = "<group>"; };
		392F00F41CA45C9800527AF8 /* Sticker.h */ = {isa = PBXFileReference; fileEncoding = 4; lastKnownFileType = sourcecode.c.h; path = Sticker.h; sourceTree = "<group>"; };
		392F00F51CA45C9800527AF8 /* Sticker.m */ = {isa = PBXFileReference; fileEncoding = 4; lastKnownFileType = sourcecode.c.objc; path = Sticker.m; sourceTree = "<group>"; };
/* End PBXFileReference section */

/* Begin PBXFrameworksBuildPhase section */
		392F00D41CA4589700527AF8 /* Frameworks */ = {
			isa = PBXFrameworksBuildPhase;
			buildActionMask = 2147483647;
			files = (
			);
			runOnlyForDeploymentPostprocessing = 0;
		};
/* End PBXFrameworksBuildPhase section */

/* Begin PBXGroup section */
		392F00CE1CA4589700527AF8 = {
			isa = PBXGroup;
			children = (
				392F00D91CA4589700527AF8 /* mm-selfiestickers */,
				392F00D81CA4589700527AF8 /* Products */,
			);
			sourceTree = "<group>";
		};
		392F00D81CA4589700527AF8 /* Products */ = {
			isa = PBXGroup;
			children = (
				392F00D71CA4589700527AF8 /* mm-selfiestickers.app */,
			);
			name = Products;
			sourceTree = "<group>";
		};
		392F00D91CA4589700527AF8 /* mm-selfiestickers */ = {
			isa = PBXGroup;
			children = (
				392F00DD1CA4589700527AF8 /* AppDelegate.h */,
				392F00DE1CA4589700527AF8 /* AppDelegate.m */,
				392F00F11CA45C4800527AF8 /* SelfieStickerViewController.h */,
				392F00F21CA45C4800527AF8 /* SelfieStickerViewController.m */,
				392F00E31CA4589700527AF8 /* Main.storyboard */,
				392F00F41CA45C9800527AF8 /* Sticker.h */,
				392F00F51CA45C9800527AF8 /* Sticker.m */,
				392F00E61CA4589700527AF8 /* Assets.xcassets */,
				392F00E81CA4589700527AF8 /* LaunchScreen.storyboard */,
				392F00EB1CA4589700527AF8 /* Info.plist */,
				392F00DA1CA4589700527AF8 /* Supporting Files */,
			);
			path = "mm-selfiestickers";
			sourceTree = "<group>";
		};
		392F00DA1CA4589700527AF8 /* Supporting Files */ = {
			isa = PBXGroup;
			children = (
				392F00DB1CA4589700527AF8 /* main.m */,
			);
			name = "Supporting Files";
			sourceTree = "<group>";
		};
/* End PBXGroup section */

/* Begin PBXNativeTarget section */
		392F00D61CA4589700527AF8 /* mm-selfiestickers */ = {
			isa = PBXNativeTarget;
			buildConfigurationList = 392F00EE1CA4589700527AF8 /* Build configuration list for PBXNativeTarget "mm-selfiestickers" */;
			buildPhases = (
				392F00D31CA4589700527AF8 /* Sources */,
				392F00D41CA4589700527AF8 /* Frameworks */,
				392F00D51CA4589700527AF8 /* Resources */,
			);
			buildRules = (
			);
			dependencies = (
			);
			name = "mm-selfiestickers";
			productName = "mm-selfiestickers";
			productReference = 392F00D71CA4589700527AF8 /* mm-selfiestickers.app */;
			productType = "com.apple.product-type.application";
		};
/* End PBXNativeTarget section */

/* Begin PBXProject section */
		392F00CF1CA4589700527AF8 /* Project object */ = {
			isa = PBXProject;
			attributes = {
				LastUpgradeCheck = 0720;
				ORGANIZATIONNAME = plugh;
				TargetAttributes = {
					392F00D61CA4589700527AF8 = {
						CreatedOnToolsVersion = 7.2.1;
					};
				};
			};
			buildConfigurationList = 392F00D21CA4589700527AF8 /* Build configuration list for PBXProject "mm-selfiestickers" */;
			compatibilityVersion = "Xcode 3.2";
			developmentRegion = English;
			hasScannedForEncodings = 0;
			knownRegions = (
				en,
				Base,
			);
			mainGroup = 392F00CE1CA4589700527AF8;
			productRefGroup = 392F00D81CA4589700527AF8 /* Products */;
			projectDirPath = "";
			projectRoot = "";
			targets = (
				392F00D61CA4589700527AF8 /* mm-selfiestickers */,
			);
		};
/* End PBXProject section */

/* Begin PBXResourcesBuildPhase section */
		392F00D51CA4589700527AF8 /* Resources */ = {
			isa = PBXResourcesBuildPhase;
			buildActionMask = 2147483647;
			files = (
				392F00EA1CA4589700527AF8 /* LaunchScreen.storyboard in Resources */,
				392F00E71CA4589700527AF8 /* Assets.xcassets in Resources */,
				392F00E51CA4589700527AF8 /* Main.storyboard in Resources */,
			);
			runOnlyForDeploymentPostprocessing = 0;
		};
/* End PBXResourcesBuildPhase section */

/* Begin PBXSourcesBuildPhase section */
		392F00D31CA4589700527AF8 /* Sources */ = {
			isa = PBXSourcesBuildPhase;
			buildActionMask = 2147483647;
			files = (
				392F00F31CA45C4800527AF8 /* SelfieStickerViewController.m in Sources */,
				392F00F61CA45C9800527AF8 /* Sticker.m in Sources */,
				392F00DF1CA4589700527AF8 /* AppDelegate.m in Sources */,
				392F00DC1CA4589700527AF8 /* main.m in Sources */,
			);
			runOnlyForDeploymentPostprocessing = 0;
		};
/* End PBXSourcesBuildPhase section */

/* Begin PBXVariantGroup section */
		392F00E31CA4589700527AF8 /* Main.storyboard */ = {
			isa = PBXVariantGroup;
			children = (
				392F00E41CA4589700527AF8 /* Base */,
			);
			name = Main.storyboard;
			sourceTree = "<group>";
		};
		392F00E81CA4589700527AF8 /* LaunchScreen.storyboard */ = {
			isa = PBXVariantGroup;
			children = (
				392F00E91CA4589700527AF8 /* Base */,
			);
			name = LaunchScreen.storyboard;
			sourceTree = "<group>";
		};
/* End PBXVariantGroup section */

/* Begin XCBuildConfiguration section */
		392F00EC1CA4589700527AF8 /* Debug */ = {
			isa = XCBuildConfiguration;
			buildSettings = {
				ALWAYS_SEARCH_USER_PATHS = NO;
				CLANG_CXX_LANGUAGE_STANDARD = "gnu++0x";
				CLANG_CXX_LIBRARY = "libc++";
				CLANG_ENABLE_MODULES = YES;
				CLANG_ENABLE_OBJC_ARC = YES;
				CLANG_WARN_BOOL_CONVERSION = YES;
				CLANG_WARN_CONSTANT_CONVERSION = YES;
				CLANG_WARN_DIRECT_OBJC_ISA_USAGE = YES_ERROR;
				CLANG_WARN_EMPTY_BODY = YES;
				CLANG_WARN_ENUM_CONVERSION = YES;
				CLANG_WARN_INT_CONVERSION = YES;
				CLANG_WARN_OBJC_ROOT_CLASS = YES_ERROR;
				CLANG_WARN_UNREACHABLE_CODE = YES;
				CLANG_WARN__DUPLICATE_METHOD_MATCH = YES;
				"CODE_SIGN_IDENTITY[sdk=iphoneos*]" = "iPhone Developer";
				COPY_PHASE_STRIP = NO;
				DEBUG_INFORMATION_FORMAT = dwarf;
				ENABLE_STRICT_OBJC_MSGSEND = YES;
				ENABLE_TESTABILITY = YES;
				GCC_C_LANGUAGE_STANDARD = gnu99;
				GCC_DYNAMIC_NO_PIC = NO;
				GCC_NO_COMMON_BLOCKS = YES;
				GCC_OPTIMIZATION_LEVEL = 0;
				GCC_PREPROCESSOR_DEFINITIONS = (
					"DEBUG=1",
					"$(inherited)",
				);
				GCC_WARN_64_TO_32_BIT_CONVERSION = YES;
				GCC_WARN_ABOUT_RETURN_TYPE = YES_ERROR;
				GCC_WARN_UNDECLARED_SELECTOR = YES;
				GCC_WARN_UNINITIALIZED_AUTOS = YES_AGGRESSIVE;
				GCC_WARN_UNUSED_FUNCTION = YES;
				GCC_WARN_UNUSED_VARIABLE = YES;
				IPHONEOS_DEPLOYMENT_TARGET = 9.2;
				MTL_ENABLE_DEBUG_INFO = YES;
				ONLY_ACTIVE_ARCH = YES;
				SDKROOT = iphoneos;
				TARGETED_DEVICE_FAMILY = "1,2";
			};
			name = Debug;
		};
		392F00ED1CA4589700527AF8 /* Release */ = {
			isa = XCBuildConfiguration;
			buildSettings = {
				ALWAYS_SEARCH_USER_PATHS = NO;
				CLANG_CXX_LANGUAGE_STANDARD = "gnu++0x";
				CLANG_CXX_LIBRARY = "libc++";
				CLANG_ENABLE_MODULES = YES;
				CLANG_ENABLE_OBJC_ARC = YES;
				CLANG_WARN_BOOL_CONVERSION = YES;
				CLANG_WARN_CONSTANT_CONVERSION = YES;
				CLANG_WARN_DIRECT_OBJC_ISA_USAGE = YES_ERROR;
				CLANG_WARN_EMPTY_BODY = YES;
				CLANG_WARN_ENUM_CONVERSION = YES;
				CLANG_WARN_INT_CONVERSION = YES;
				CLANG_WARN_OBJC_ROOT_CLASS = YES_ERROR;
				CLANG_WARN_UNREACHABLE_CODE = YES;
				CLANG_WARN__DUPLICATE_METHOD_MATCH = YES;
				"CODE_SIGN_IDENTITY[sdk=iphoneos*]" = "iPhone Developer";
				COPY_PHASE_STRIP = NO;
				DEBUG_INFORMATION_FORMAT = "dwarf-with-dsym";
				ENABLE_NS_ASSERTIONS = NO;
				ENABLE_STRICT_OBJC_MSGSEND = YES;
				GCC_C_LANGUAGE_STANDARD = gnu99;
				GCC_NO_COMMON_BLOCKS = YES;
				GCC_WARN_64_TO_32_BIT_CONVERSION = YES;
				GCC_WARN_ABOUT_RETURN_TYPE = YES_ERROR;
				GCC_WARN_UNDECLARED_SELECTOR = YES;
				GCC_WARN_UNINITIALIZED_AUTOS = YES_AGGRESSIVE;
				GCC_WARN_UNUSED_FUNCTION = YES;
				GCC_WARN_UNUSED_VARIABLE = YES;
				IPHONEOS_DEPLOYMENT_TARGET = 9.2;
				MTL_ENABLE_DEBUG_INFO = NO;
				SDKROOT = iphoneos;
				TARGETED_DEVICE_FAMILY = "1,2";
				VALIDATE_PRODUCT = YES;
			};
			name = Release;
		};
		392F00EF1CA4589700527AF8 /* Debug */ = {
			isa = XCBuildConfiguration;
			buildSettings = {
				ASSETCATALOG_COMPILER_APPICON_NAME = AppIcon;
				INFOPLIST_FILE = "mm-selfiestickers/Info.plist";
				LD_RUNPATH_SEARCH_PATHS = "$(inherited) @executable_path/Frameworks";
				PRODUCT_BUNDLE_IDENTIFIER = "com.plugh.csserra.mm-selfiestickers";
				PRODUCT_NAME = "$(TARGET_NAME)";
			};
			name = Debug;
		};
		392F00F01CA4589700527AF8 /* Release */ = {
			isa = XCBuildConfiguration;
			buildSettings = {
				ASSETCATALOG_COMPILER_APPICON_NAME = AppIcon;
				INFOPLIST_FILE = "mm-selfiestickers/Info.plist";
				LD_RUNPATH_SEARCH_PATHS = "$(inherited) @executable_path/Frameworks";
				PRODUCT_BUNDLE_IDENTIFIER = "com.plugh.csserra.mm-selfiestickers";
				PRODUCT_NAME = "$(TARGET_NAME)";
			};
			name = Release;
		};
/* End XCBuildConfiguration section */

/* Begin XCConfigurationList section */
		392F00D21CA4589700527AF8 /* Build configuration list for PBXProject "mm-selfiestickers" */ = {
			isa = XCConfigurationList;
			buildConfigurations = (
				392F00EC1CA4589700527AF8 /* Debug */,
				392F00ED1CA4589700527AF8 /* Release */,
			);
			defaultConfigurationIsVisible = 0;
			defaultConfigurationName = Release;
		};
		392F00EE1CA4589700527AF8 /* Build configuration list for PBXNativeTarget "mm-selfiestickers" */ = {
			isa = XCConfigurationList;
			buildConfigurations = (
				392F00EF1CA4589700527AF8 /* Debug */,
				392F00F01CA4589700527AF8 /* Release */,
			);
			defaultConfigurationIsVisible = 0;
		};
/* End XCConfigurationList section */
	};
	rootObject = 392F00CF1CA4589700527AF8 /* Project object */;
}
